
Microsoft Visual Studio Solution File, Format Version 12.00
# Visual Studio 15
VisualStudioVersion = 15.0.28307.705
MinimumVisualStudioVersion = 10.0.40219.1
Project("{FAE04EC0-301F-11D3-BF4B-00C04F79EFBC}") = "customerService", "customerService\customerService.csproj", "{9DA5388A-8E4E-48A0-BA20-FA2CFD26BDBE}"
EndProject
Global
	GlobalSection(SolutionConfigurationPlatforms) = preSolution
		Debug|Any CPU = Debug|Any CPU
		Release|Any CPU = Release|Any CPU
	EndGlobalSection
	GlobalSection(ProjectConfigurationPlatforms) = postSolution
		{9DA5388A-8E4E-48A0-BA20-FA2CFD26BDBE}.Debug|Any CPU.ActiveCfg = Debug|Any CPU
		{9DA5388A-8E4E-48A0-BA20-FA2CFD26BDBE}.Debug|Any CPU.Build.0 = Debug|Any CPU
		{9DA5388A-8E4E-48A0-BA20-FA2CFD26BDBE}.Release|Any CPU.ActiveCfg = Release|Any CPU
		{9DA5388A-8E4E-48A0-BA20-FA2CFD26BDBE}.Release|Any CPU.Build.0 = Release|Any CPU
	EndGlobalSection
	GlobalSection(SolutionProperties) = preSolution
		HideSolutionNode = FALSE
	EndGlobalSection
	GlobalSection(ExtensibilityGlobals) = postSolution
		SolutionGuid = {B21EF269-E7B6-496A-A66A-70B4455FB68C}
	EndGlobalSection
EndGlobal
